
Microsoft Visual Studio Solution File, Format Version 12.00
# Visual Studio Version 16
VisualStudioVersion = 16.0.31729.503
MinimumVisualStudioVersion = 10.0.40219.1
Project("{9A19103F-16F7-4668-BE54-9A1E7A4F7556}") = "UI", "Shop Demo\UI.csproj", "{29DA6C63-DCF8-44EE-9E2C-70E3F82EBF49}"
EndProject
Project("{9A19103F-16F7-4668-BE54-9A1E7A4F7556}") = "Core", "Core\Core.csproj", "{1935A67D-AF19-4FB8-AD97-5749E8B3DD4D}"
EndProject
Project("{9A19103F-16F7-4668-BE54-9A1E7A4F7556}") = "Infrastructure", "Infrastructure\Infrastructure.csproj", "{4ED9F672-CBEC-4430-978B-A4E55A15C19B}"
EndProject
Global
	GlobalSection(SolutionConfigurationPlatforms) = preSolution
		Debug|Any CPU = Debug|Any CPU
		Release|Any CPU = Release|Any CPU
	EndGlobalSection
	GlobalSection(ProjectConfigurationPlatforms) = postSolution
		{29DA6C63-DCF8-44EE-9E2C-70E3F82EBF49}.Debug|Any CPU.ActiveCfg = Debug|Any CPU
		{29DA6C63-DCF8-44EE-9E2C-70E3F82EBF49}.Debug|Any CPU.Build.0 = Debug|Any CPU
		{29DA6C63-DCF8-44EE-9E2C-70E3F82EBF49}.Release|Any CPU.ActiveCfg = Release|Any CPU
		{29DA6C63-DCF8-44EE-9E2C-70E3F82EBF49}.Release|Any CPU.Build.0 = Release|Any CPU
		{1935A67D-AF19-4FB8-AD97-5749E8B3DD4D}.Debug|Any CPU.ActiveCfg = Debug|Any CPU
		{1935A67D-AF19-4FB8-AD97-5749E8B3DD4D}.Debug|Any CPU.Build.0 = Debug|Any CPU
		{1935A67D-AF19-4FB8-AD97-5749E8B3DD4D}.Release|Any CPU.ActiveCfg = Release|Any CPU
		{1935A67D-AF19-4FB8-AD97-5749E8B3DD4D}.Release|Any CPU.Build.0 = Release|Any CPU
		{4ED9F672-CBEC-4430-978B-A4E55A15C19B}.Debug|Any CPU.ActiveCfg = Debug|Any CPU
		{4ED9F672-CBEC-4430-978B-A4E55A15C19B}.Debug|Any CPU.Build.0 = Debug|Any CPU
		{4ED9F672-CBEC-4430-978B-A4E55A15C19B}.Release|Any CPU.ActiveCfg = Release|Any CPU
		{4ED9F672-CBEC-4430-978B-A4E55A15C19B}.Release|Any CPU.Build.0 = Release|Any CPU
	EndGlobalSection
	GlobalSection(SolutionProperties) = preSolution
		HideSolutionNode = FALSE
	EndGlobalSection
	GlobalSection(ExtensibilityGlobals) = postSolution
		SolutionGuid = {C05F62CC-ACD2-40C2-A764-24D165091943}
	EndGlobalSection
EndGlobal
